
Microsoft Visual Studio Solution File, Format Version 12.00
# Visual Studio Version 17
VisualStudioVersion = 17.11.35219.272
MinimumVisualStudioVersion = 10.0.40219.1
Project("{FAE04EC0-301F-11D3-BF4B-00C04F79EFBC}") = "CLI-assign", "CLI-assign.csproj", "{49A5FF87-093C-4E0F-AC93-6EF15151E632}"
EndProject
Global
	GlobalSection(SolutionConfigurationPlatforms) = preSolution
		Debug|Any CPU = Debug|Any CPU
		Release|Any CPU = Release|Any CPU
	EndGlobalSection
	GlobalSection(ProjectConfigurationPlatforms) = postSolution
		{49A5FF87-093C-4E0F-AC93-6EF15151E632}.Debug|Any CPU.ActiveCfg = Debug|Any CPU
		{49A5FF87-093C-4E0F-AC93-6EF15151E632}.Debug|Any CPU.Build.0 = Debug|Any CPU
		{49A5FF87-093C-4E0F-AC93-6EF15151E632}.Release|Any CPU.ActiveCfg = Release|Any CPU
		{49A5FF87-093C-4E0F-AC93-6EF15151E632}.Release|Any CPU.Build.0 = Release|Any CPU
	EndGlobalSection
	GlobalSection(SolutionProperties) = preSolution
		HideSolutionNode = FALSE
	EndGlobalSection
	GlobalSection(ExtensibilityGlobals) = postSolution
		SolutionGuid = {353703C5-0BF4-446D-B7FD-2750A3CE0629}
	EndGlobalSection
EndGlobal
